// !$*UTF8*$!
{
	archiveVersion = 1;
	classes = {
	};
	objectVersion = 110;
	objects = {

/* Begin PBXContainerItemProxy section */
		B5B3198A301368AC004BFACF /* PBXContainerItemProxy */ = {
			isa = PBXContainerItemProxy;
			containerPortal = B5B3196B301368AB004BFACF /* Project object */;
			proxyType = 1;
			remoteGlobalIDString = B5B31972301368AB004BFACF;
			remoteInfo = myApp;
		};
		B5B31994301368AC004BFACF /* PBXContainerItemProxy */ = {
			isa = PBXContainerItemProxy;
			containerPortal = B5B3196B301368AB004BFACF /* Project object */;
			proxyType = 1;
			remoteGlobalIDString = B5B31972301368AB004BFACF;
			remoteInfo = myApp;
		};
/* End PBXContainerItemProxy section */

/* Begin PBXFileReference section */
		B5B31973301368AB004BFACF /* myApp.app */ = {isa = PBXFileReference; explicitFileType = wrapper.application; includeInIndex = 0; path = myApp.app; sourceTree = BUILT_PRODUCTS_DIR; };
		B5B31989301368AC004BFACF /* myAppTests.xctest */ = {isa = PBXFileReference; explicitFileType = wrapper.cfbundle; includeInIndex = 0; path = myAppTests.xctest; sourceTree = BUILT_PRODUCTS_DIR; };
		B5B31993301368AC004BFACF /* myAppUITests.xctest */ = {isa = PBXFileReference; explicitFileType = wrapper.cfbundle; includeInIndex = 0; path = myAppUITests.xctest; sourceTree = BUILT_PRODUCTS_DIR; };
/* End PBXFileReference section */

/* Begin PBXFileSystemSynchronizedBuildFileExceptionSet section */
		B5B31999301368AC004BFACF /* Exceptions for "myApp" folder in "myApp" target */ = {
			isa = PBXFileSystemSynchronizedBuildFileExceptionSet;
			membershipExceptions = (
				Info.plist,
			);
			target = B5B31972301368AB004BFACF /* myApp */;
		};
/* End PBXFileSystemSynchronizedBuildFileExceptionSet section */

/* Begin PBXFileSystemSynchronizedRootGroup section */
		B5B31975301368AB004BFACF /* myApp */ = {
			isa = PBXFileSystemSynchronizedRootGroup;
			exceptions = (
				B5B31999301368AC004BFACF /* Exceptions for "myApp" folder in "myApp" target */,
			);
			path = myApp;
			sourceTree = "<group>";
		};
		B5B3198C301368AC004BFACF /* myAppTests */ = {
			isa = PBXFileSystemSynchronizedRootGroup;
			path = myAppTests;
			sourceTree = "<group>";
		};
		B5B31996301368AC004BFACF /* myAppUITests */ = {
			isa = PBXFileSystemSynchronizedRootGroup;
			path = myAppUITests;
			sourceTree = "<group>";
		};
/* End PBXFileSystemSynchronizedRootGroup section */

/* Begin PBXFrameworksBuildPhase section */
		B5B31970301368AB004BFACF /* Frameworks */ = {
			isa = PBXFrameworksBuildPhase;
			files = (
			);
		};
		B5B31986301368AC004BFACF /* Frameworks */ = {
			isa = PBXFrameworksBuildPhase;
			files = (
			);
		};
		B5B31990301368AC004BFACF /* Frameworks */ = {
			isa = PBXFrameworksBuildPhase;
			files = (
			);
		};
/* End PBXFrameworksBuildPhase section */

/* Begin PBXGroup section */
		B5B3196A301368AB004BFACF = {
			isa = PBXGroup;
			children = (
				B5B31975301368AB004BFACF /* myApp */,
				B5B3198C301368AC004BFACF /* myAppTests */,
				B5B31996301368AC004BFACF /* myAppUITests */,
				B5B31974301368AB004BFACF /* Products */,
			);
			sourceTree = "<group>";
		};
		B5B31974301368AB004BFACF /* Products */ = {
			isa = PBXGroup;
			children = (
				B5B31973301368AB004BFACF /* myApp.app */,
				B5B31989301368AC004BFACF /* myAppTests.xctest */,
				B5B31993301368AC004BFACF /* myAppUITests.xctest */,
			);
			name = Products;
			sourceTree = "<group>";
		};
/* End PBXGroup section */

/* Begin PBXNativeTarget section */
		B5B31972301368AB004BFACF /* myApp */ = {
			isa = PBXNativeTarget;
			buildConfigurationList = B5B3199A301368AC004BFACF /* Build configuration list for PBXNativeTarget "myApp" */;
			buildPhases = (
				B5B3196F301368AB004BFACF /* Sources */,
				B5B31970301368AB004BFACF /* Frameworks */,
				B5B31971301368AB004BFACF /* Resources */,
			);
			buildRules = (
			);
			fileSystemSynchronizedGroups = (
				B5B31975301368AB004BFACF /* myApp */,
			);
			name = myApp;
			productName = myApp;
			productReference = B5B31973301368AB004BFACF /* myApp.app */;
			productType = "com.apple.product-type.application";
		};
		B5B31988301368AC004BFACF /* myAppTests */ = {
			isa = PBXNativeTarget;
			buildConfigurationList = B5B3199F301368AC004BFACF /* Build configuration list for PBXNativeTarget "myAppTests" */;
			buildPhases = (
				B5B31985301368AC004BFACF /* Sources */,
				B5B31986301368AC004BFACF /* Frameworks */,
				B5B31987301368AC004BFACF /* Resources */,
			);
			buildRules = (
			);
			dependencies = (
				B5B3198B301368AC004BFACF /* PBXTargetDependency */,
			);
			fileSystemSynchronizedGroups = (
				B5B3198C301368AC004BFACF /* myAppTests */,
			);
			name = myAppTests;
			productName = myAppTests;
			productReference = B5B31989301368AC004BFACF /* myAppTests.xctest */;
			productType = "com.apple.product-type.bundle.unit-test";
		};
		B5B31992301368AC004BFACF /* myAppUITests */ = {
			isa = PBXNativeTarget;
			buildConfigurationList = B5B319A2301368AC004BFACF /* Build configuration list for PBXNativeTarget "myAppUITests" */;
			buildPhases = (
				B5B3198F301368AC004BFACF /* Sources */,
				B5B31990301368AC004BFACF /* Frameworks */,
				B5B31991301368AC004BFACF /* Resources */,
			);
			buildRules = (
			);
			dependencies = (
				B5B31995301368AC004BFACF /* PBXTargetDependency */,
			);
			fileSystemSynchronizedGroups = (
				B5B31996301368AC004BFACF /* myAppUITests */,
			);
			name = myAppUITests;
			productName = myAppUITests;
			productReference = B5B31993301368AC004BFACF /* myAppUITests.xctest */;
			productType = "com.apple.product-type.bundle.ui-testing";
		};
/* End PBXNativeTarget section */

/* Begin PBXProject section */
		B5B3196B301368AB004BFACF /* Project object */ = {
			isa = PBXProject;
			attributes = {
				BuildIndependentTargetsInParallel = 1;
				LastSwiftUpdateCheck = 2700;
				LastUpgradeCheck = 2700;
				TargetAttributes = {
					B5B31972301368AB004BFACF = {
						CreatedOnToolsVersion = 27.0;
					};
					B5B31988301368AC004BFACF = {
						CreatedOnToolsVersion = 27.0;
						TestTargetID = B5B31972301368AB004BFACF;
					};
					B5B31992301368AC004BFACF = {
						CreatedOnToolsVersion = 27.0;
						TestTargetID = B5B31972301368AB004BFACF;
					};
				};
			};
			buildConfigurationList = B5B3196E301368AB004BFACF /* Build configuration list for PBXProject "myApp" */;
			developmentRegion = en;
			hasScannedForEncodings = 0;
			knownRegions = (
				en,
				Base,
			);
			mainGroup = B5B3196A301368AB004BFACF;
			minimizedProjectReferenceProxies = 1;
			preferredProjectObjectVersion = 77;
			productRefGroup = B5B31974301368AB004BFACF /* Products */;
			projectDirPath = "";
			projectRoot = "";
			targets = (
				B5B31972301368AB004BFACF /* myApp */,
				B5B31988301368AC004BFACF /* myAppTests */,
				B5B31992301368AC004BFACF /* myAppUITests */,
			);
		};
/* End PBXProject section */

/* Begin PBXResourcesBuildPhase section */
		B5B31971301368AB004BFACF /* Resources */ = {
			isa = PBXResourcesBuildPhase;
			files = (
			);
		};
		B5B31987301368AC004BFACF /* Resources */ = {
			isa = PBXResourcesBuildPhase;
			files = (
			);
		};
		B5B31991301368AC004BFACF /* Resources */ = {
			isa = PBXResourcesBuildPhase;
			files = (
			);
		};
/* End PBXResourcesBuildPhase section */

/* Begin PBXSourcesBuildPhase section */
		B5B3196F301368AB004BFACF /* Sources */ = {
			isa = PBXSourcesBuildPhase;
			files = (
			);
		};
		B5B31985301368AC004BFACF /* Sources */ = {
			isa = PBXSourcesBuildPhase;
			files = (
			);
		};
		B5B3198F301368AC004BFACF /* Sources */ = {
			isa = PBXSourcesBuildPhase;
			files = (
			);
		};
/* End PBXSourcesBuildPhase section */

/* Begin PBXTargetDependency section */
		B5B3198B301368AC004BFACF /* PBXTargetDependency */ = {
			isa = PBXTargetDependency;
			target = B5B31972301368AB004BFACF /* myApp */;
			targetProxy = B5B3198A301368AC004BFACF /* PBXContainerItemProxy */;
		};
		B5B31995301368AC004BFACF /* PBXTargetDependency */ = {
			isa = PBXTargetDependency;
			target = B5B31972301368AB004BFACF /* myApp */;
			targetProxy = B5B31994301368AC004BFACF /* PBXContainerItemProxy */;
		};
/* End PBXTargetDependency section */

/* Begin XCBuildConfiguration section */
		B5B3199B301368AC004BFACF /* Debug configuration for PBXNativeTarget "myApp" */ = {
			isa = XCBuildConfiguration;
			buildSettings = {
				ASSETCATALOG_COMPILER_APPICON_NAME = AppIcon;
				ASSETCATALOG_COMPILER_GLOBAL_ACCENT_COLOR_NAME = AccentColor;
				CODE_SIGN_STYLE = Automatic;
				CURRENT_PROJECT_VERSION = 1;
				DEVELOPMENT_TEAM = QGCMMC4WH3;
				GENERATE_INFOPLIST_FILE = YES;
				INFOPLIST_FILE = myApp/Info.plist;
				INFOPLIST_KEY_UIApplicationSupportsIndirectInputEvents = YES;
				INFOPLIST_KEY_UILaunchStoryboardName = LaunchScreen;
				INFOPLIST_KEY_UIMainStoryboardFile = Main;
				INFOPLIST_KEY_UISupportedInterfaceOrientations_iPad = "UIInterfaceOrientationPortrait UIInterfaceOrientationPortraitUpsideDown UIInterfaceOrientationLandscapeLeft UIInterfaceOrientationLandscapeRight";
				INFOPLIST_KEY_UISupportedInterfaceOrientations_iPhone = "UIInterfaceOrientationPortrait UIInterfaceOrientationLandscapeLeft UIInterfaceOrientationLandscapeRight";
				LD_RUNPATH_SEARCH_PATHS = (
					"$(inherited)",
					"@executable_path/Frameworks",
				);
				MARKETING_VERSION = 1.0;
				PRODUCT_BUNDLE_IDENTIFIER = com.Kostya.myApp;
				PRODUCT_NAME = "$(TARGET_NAME)";
				STRING_CATALOG_GENERATE_SYMBOLS = YES;
				SWIFT_APPROACHABLE_CONCURRENCY = YES;
				SWIFT_DEFAULT_ACTOR_ISOLATION = MainActor;
				SWIFT_EMIT_LOC_STRINGS = YES;
				SWIFT_UPCOMING_FEATURE_MEMBER_IMPORT_VISIBILITY = YES;
				SWIFT_VERSION = 5.0;
				TARGETED_DEVICE_FAMILY = "1,2";
			};
			name = Debug;
		};
		B5B3199C301368AC004BFACF /* Release configuration for PBXNativeTarget "myApp" */ = {
			isa = XCBuildConfiguration;
			buildSettings = {
				ASSETCATALOG_COMPILER_APPICON_NAME = AppIcon;
				ASSETCATALOG_COMPILER_GLOBAL_ACCENT_COLOR_NAME = AccentColor;
				CODE_SIGN_STYLE = Automatic;
				CURRENT_PROJECT_VERSION = 1;
				DEVELOPMENT_TEAM = QGCMMC4WH3;
				GENERATE_INFOPLIST_FILE = YES;
				INFOPLIST_FILE = myApp/Info.plist;
				INFOPLIST_KEY_UIApplicationSupportsIndirectInputEvents = YES;
				INFOPLIST_KEY_UILaunchStoryboardName = LaunchScreen;
				INFOPLIST_KEY_UIMainStoryboardFile = Main;
				INFOPLIST_KEY_UISupportedInterfaceOrientations_iPad = "UIInterfaceOrientationPortrait UIInterfaceOrientationPortraitUpsideDown UIInterfaceOrientationLandscapeLeft UIInterfaceOrientationLandscapeRight";
				INFOPLIST_KEY_UISupportedInterfaceOrientations_iPhone = "UIInterfaceOrientationPortrait UIInterfaceOrientationLandscapeLeft UIInterfaceOrientationLandscapeRight";
				LD_RUNPATH_SEARCH_PATHS = (
					"$(inherited)",
					"@executable_path/Frameworks",
				);
				MARKETING_VERSION = 1.0;
				PRODUCT_BUNDLE_IDENTIFIER = com.Kostya.myApp;
				PRODUCT_NAME = "$(TARGET_NAME)";
				STRING_CATALOG_GENERATE_SYMBOLS = YES;
				SWIFT_APPROACHABLE_CONCURRENCY = YES;
				SWIFT_DEFAULT_ACTOR_ISOLATION = MainActor;
				SWIFT_EMIT_LOC_STRINGS = YES;
				SWIFT_UPCOMING_FEATURE_MEMBER_IMPORT_VISIBILITY = YES;
				SWIFT_VERSION = 5.0;
				TARGETED_DEVICE_FAMILY = "1,2";
			};
			name = Release;
		};
		B5B3199D301368AC004BFACF /* Debug configuration for PBXProject "myApp" */ = {
			isa = XCBuildConfiguration;
			buildSettings = {
				ALWAYS_SEARCH_USER_PATHS = NO;
				ASSETCATALOG_COMPILER_GENERATE_SWIFT_ASSET_SYMBOL_EXTENSIONS = YES;
				CLANG_ANALYZER_NONNULL = YES;
				CLANG_ANALYZER_NUMBER_OBJECT_CONVERSION = YES_AGGRESSIVE;
				CLANG_CXX_LANGUAGE_STANDARD = "gnu++20";
				CLANG_ENABLE_MODULES = YES;
				CLANG_ENABLE_OBJC_ARC = YES;
				CLANG_ENABLE_OBJC_WEAK = YES;
				CLANG_WARN_BLOCK_CAPTURE_AUTORELEASING = YES;
				CLANG_WARN_BOOL_CONVERSION = YES;
				CLANG_WARN_COMMA = YES;
				CLANG_WARN_CONSTANT_CONVERSION = YES;
				CLANG_WARN_DEPRECATED_OBJC_IMPLEMENTATIONS = YES;
				CLANG_WARN_DIRECT_OBJC_ISA_USAGE = YES_ERROR;
				CLANG_WARN_DOCUMENTATION_COMMENTS = YES;
				CLANG_WARN_EMPTY_BODY = YES;
				CLANG_WARN_ENUM_CONVERSION = YES;
				CLANG_WARN_INFINITE_RECURSION = YES;
				CLANG_WARN_INT_CONVERSION = YES;
				CLANG_WARN_NON_LITERAL_NULL_CONVERSION = YES;
				CLANG_WARN_OBJC_IMPLICIT_RETAIN_SELF = YES;
				CLANG_WARN_OBJC_LITERAL_CONVERSION = YES;
				CLANG_WARN_OBJC_ROOT_CLASS = YES_ERROR;
				CLANG_WARN_QUOTED_INCLUDE_IN_FRAMEWORK_HEADER = YES;
				CLANG_WARN_RANGE_LOOP_ANALYSIS = YES;
				CLANG_WARN_STRICT_PROTOTYPES = YES;
				CLANG_WARN_SUSPICIOUS_MOVE = YES;
				CLANG_WARN_UNGUARDED_AVAILABILITY = YES_AGGRESSIVE;
				CLANG_WARN_UNREACHABLE_CODE = YES;
				CLANG_WARN__DUPLICATE_METHOD_MATCH = YES;
				COPY_PHASE_STRIP = NO;
				DEBUG_INFORMATION_FORMAT = dwarf;
				DEVELOPMENT_TEAM = QGCMMC4WH3;
				ENABLE_STRICT_OBJC_MSGSEND = YES;
				ENABLE_TESTABILITY = YES;
				ENABLE_USER_SCRIPT_SANDBOXING = YES;
				GCC_C_LANGUAGE_STANDARD = gnu17;
				GCC_DYNAMIC_NO_PIC = NO;
				GCC_NO_COMMON_BLOCKS = YES;
				GCC_OPTIMIZATION_LEVEL = 0;
				GCC_PREPROCESSOR_DEFINITIONS = (
					"DEBUG=1",
					"$(inherited)",
				);
				GCC_WARN_64_TO_32_BIT_CONVERSION = YES;
				GCC_WARN_ABOUT_RETURN_TYPE = YES_ERROR;
				GCC_WARN_UNDECLARED_SELECTOR = YES;
				GCC_WARN_UNINITIALIZED_AUTOS = YES_AGGRESSIVE;
				GCC_WARN_UNUSED_FUNCTION = YES;
				GCC_WARN_UNUSED_VARIABLE = YES;
				IPHONEOS_DEPLOYMENT_TARGET = 27.0;
				LOCALIZATION_PREFERS_STRING_CATALOGS = YES;
				MTL_ENABLE_DEBUG_INFO = INCLUDE_SOURCE;
				MTL_FAST_MATH = YES;
				ONLY_ACTIVE_ARCH = YES;
				SDKROOT = iphoneos;
				SWIFT_ACTIVE_COMPILATION_CONDITIONS = "DEBUG $(inherited)";
				SWIFT_OPTIMIZATION_LEVEL = "-Onone";
			};
			name = Debug;
		};
		B5B3199E301368AC004BFACF /* Release configuration for PBXProject "myApp" */ = {
			isa = XCBuildConfiguration;
			buildSettings = {
				ALWAYS_SEARCH_USER_PATHS = NO;
				ASSETCATALOG_COMPILER_GENERATE_SWIFT_ASSET_SYMBOL_EXTENSIONS = YES;
				CLANG_ANALYZER_NONNULL = YES;
				CLANG_ANALYZER_NUMBER_OBJECT_CONVERSION = YES_AGGRESSIVE;
				CLANG_CXX_LANGUAGE_STANDARD = "gnu++20";
				CLANG_ENABLE_MODULES = YES;
				CLANG_ENABLE_OBJC_ARC = YES;
				CLANG_ENABLE_OBJC_WEAK = YES;
				CLANG_WARN_BLOCK_CAPTURE_AUTORELEASING = YES;
				CLANG_WARN_BOOL_CONVERSION = YES;
				CLANG_WARN_COMMA = YES;
				CLANG_WARN_CONSTANT_CONVERSION = YES;
				CLANG_WARN_DEPRECATED_OBJC_IMPLEMENTATIONS = YES;
				CLANG_WARN_DIRECT_OBJC_ISA_USAGE = YES_ERROR;
				CLANG_WARN_DOCUMENTATION_COMMENTS = YES;
				CLANG_WARN_EMPTY_BODY = YES;
				CLANG_WARN_ENUM_CONVERSION = YES;
				CLANG_WARN_INFINITE_RECURSION = YES;
				CLANG_WARN_INT_CONVERSION = YES;
				CLANG_WARN_NON_LITERAL_NULL_CONVERSION = YES;
				CLANG_WARN_OBJC_IMPLICIT_RETAIN_SELF = YES;
				CLANG_WARN_OBJC_LITERAL_CONVERSION = YES;
				CLANG_WARN_OBJC_ROOT_CLASS = YES_ERROR;
				CLANG_WARN_QUOTED_INCLUDE_IN_FRAMEWORK_HEADER = YES;
				CLANG_WARN_RANGE_LOOP_ANALYSIS = YES;
				CLANG_WARN_STRICT_PROTOTYPES = YES;
				CLANG_WARN_SUSPICIOUS_MOVE = YES;
				CLANG_WARN_UNGUARDED_AVAILABILITY = YES_AGGRESSIVE;
				CLANG_WARN_UNREACHABLE_CODE = YES;
				CLANG_WARN__DUPLICATE_METHOD_MATCH = YES;
				COPY_PHASE_STRIP = NO;
				DEBUG_INFORMATION_FORMAT = "dwarf-with-dsym";
				DEVELOPMENT_TEAM = QGCMMC4WH3;
				ENABLE_NS_ASSERTIONS = NO;
				ENABLE_STRICT_OBJC_MSGSEND = YES;
				ENABLE_USER_SCRIPT_SANDBOXING = YES;
				GCC_C_LANGUAGE_STANDARD = gnu17;
				GCC_NO_COMMON_BLOCKS = YES;
				GCC_WARN_64_TO_32_BIT_CONVERSION = YES;
				GCC_WARN_ABOUT_RETURN_TYPE = YES_ERROR;
				GCC_WARN_UNDECLARED_SELECTOR = YES;
				GCC_WARN_UNINITIALIZED_AUTOS = YES_AGGRESSIVE;
				GCC_WARN_UNUSED_FUNCTION = YES;
				GCC_WARN_UNUSED_VARIABLE = YES;
				IPHONEOS_DEPLOYMENT_TARGET = 27.0;
				LOCALIZATION_PREFERS_STRING_CATALOGS = YES;
				MTL_ENABLE_DEBUG_INFO = NO;
				MTL_FAST_MATH = YES;
				SDKROOT = iphoneos;
				SWIFT_COMPILATION_MODE = wholemodule;
				VALIDATE_PRODUCT = YES;
			};
			name = Release;
		};
		B5B319A0301368AC004BFACF /* Debug configuration for PBXNativeTarget "myAppTests" */ = {
			isa = XCBuildConfiguration;
			buildSettings = {
				BUNDLE_LOADER = "$(TEST_HOST)";
				CODE_SIGN_STYLE = Automatic;
				CURRENT_PROJECT_VERSION = 1;
				DEVELOPMENT_TEAM = QGCMMC4WH3;
				GENERATE_INFOPLIST_FILE = YES;
				IPHONEOS_DEPLOYMENT_TARGET = 27.0;
				MARKETING_VERSION = 1.0;
				PRODUCT_BUNDLE_IDENTIFIER = com.Kostya.myAppTests;
				PRODUCT_NAME = "$(TARGET_NAME)";
				STRING_CATALOG_GENERATE_SYMBOLS = NO;
				SWIFT_APPROACHABLE_CONCURRENCY = YES;
				SWIFT_EMIT_LOC_STRINGS = NO;
				SWIFT_UPCOMING_FEATURE_MEMBER_IMPORT_VISIBILITY = YES;
				SWIFT_VERSION = 5.0;
				TARGETED_DEVICE_FAMILY = "1,2";
				TEST_HOST = "$(BUILT_PRODUCTS_DIR)/myApp.app/$(BUNDLE_EXECUTABLE_FOLDER_PATH)/myApp";
			};
			name = Debug;
		};
		B5B319A1301368AC004BFACF /* Release configuration for PBXNativeTarget "myAppTests" */ = {
			isa = XCBuildConfiguration;
			buildSettings = {
				BUNDLE_LOADER = "$(TEST_HOST)";
				CODE_SIGN_STYLE = Automatic;
				CURRENT_PROJECT_VERSION = 1;
				DEVELOPMENT_TEAM = QGCMMC4WH3;
				GENERATE_INFOPLIST_FILE = YES;
				IPHONEOS_DEPLOYMENT_TARGET = 27.0;
				MARKETING_VERSION = 1.0;
				PRODUCT_BUNDLE_IDENTIFIER = com.Kostya.myAppTests;
				PRODUCT_NAME = "$(TARGET_NAME)";
				STRING_CATALOG_GENERATE_SYMBOLS = NO;
				SWIFT_APPROACHABLE_CONCURRENCY = YES;
				SWIFT_EMIT_LOC_STRINGS = NO;
				SWIFT_UPCOMING_FEATURE_MEMBER_IMPORT_VISIBILITY = YES;
				SWIFT_VERSION = 5.0;
				TARGETED_DEVICE_FAMILY = "1,2";
				TEST_HOST = "$(BUILT_PRODUCTS_DIR)/myApp.app/$(BUNDLE_EXECUTABLE_FOLDER_PATH)/myApp";
			};
			name = Release;
		};
		B5B319A3301368AC004BFACF /* Debug configuration for PBXNativeTarget "myAppUITests" */ = {
			isa = XCBuildConfiguration;
			buildSettings = {
				CODE_SIGN_STYLE = Automatic;
				CURRENT_PROJECT_VERSION = 1;
				DEVELOPMENT_TEAM = QGCMMC4WH3;
				GENERATE_INFOPLIST_FILE = YES;
				MARKETING_VERSION = 1.0;
				PRODUCT_BUNDLE_IDENTIFIER = com.Kostya.myAppUITests;
				PRODUCT_NAME = "$(TARGET_NAME)";
				STRING_CATALOG_GENERATE_SYMBOLS = NO;
				SWIFT_APPROACHABLE_CONCURRENCY = YES;
				SWIFT_EMIT_LOC_STRINGS = NO;
				SWIFT_UPCOMING_FEATURE_MEMBER_IMPORT_VISIBILITY = YES;
				SWIFT_VERSION = 5.0;
				TARGETED_DEVICE_FAMILY = "1,2";
				TEST_TARGET_NAME = myApp;
			};
			name = Debug;
		};
		B5B319A4301368AC004BFACF /* Release configuration for PBXNativeTarget "myAppUITests" */ = {
			isa = XCBuildConfiguration;
			buildSettings = {
				CODE_SIGN_STYLE = Automatic;
				CURRENT_PROJECT_VERSION = 1;
				DEVELOPMENT_TEAM = QGCMMC4WH3;
				GENERATE_INFOPLIST_FILE = YES;
				MARKETING_VERSION = 1.0;
				PRODUCT_BUNDLE_IDENTIFIER = com.Kostya.myAppUITests;
				PRODUCT_NAME = "$(TARGET_NAME)";
				STRING_CATALOG_GENERATE_SYMBOLS = NO;
				SWIFT_APPROACHABLE_CONCURRENCY = YES;
				SWIFT_EMIT_LOC_STRINGS = NO;
				SWIFT_UPCOMING_FEATURE_MEMBER_IMPORT_VISIBILITY = YES;
				SWIFT_VERSION = 5.0;
				TARGETED_DEVICE_FAMILY = "1,2";
				TEST_TARGET_NAME = myApp;
			};
			name = Release;
		};
/* End XCBuildConfiguration section */

/* Begin XCConfigurationList section */
		B5B3196E301368AB004BFACF /* Build configuration list for PBXProject "myApp" */ = {
			isa = XCConfigurationList;
			buildConfigurations = (
				B5B3199D301368AC004BFACF /* Debug configuration for PBXProject "myApp" */,
				B5B3199E301368AC004BFACF /* Release configuration for PBXProject "myApp" */,
			);
			defaultConfigurationName = Release;
		};
		B5B3199A301368AC004BFACF /* Build configuration list for PBXNativeTarget "myApp" */ = {
			isa = XCConfigurationList;
			buildConfigurations = (
				B5B3199B301368AC004BFACF /* Debug configuration for PBXNativeTarget "myApp" */,
				B5B3199C301368AC004BFACF /* Release configuration for PBXNativeTarget "myApp" */,
			);
			defaultConfigurationName = Release;
		};
		B5B3199F301368AC004BFACF /* Build configuration list for PBXNativeTarget "myAppTests" */ = {
			isa = XCConfigurationList;
			buildConfigurations = (
				B5B319A0301368AC004BFACF /* Debug configuration for PBXNativeTarget "myAppTests" */,
				B5B319A1301368AC004BFACF /* Release configuration for PBXNativeTarget "myAppTests" */,
			);
			defaultConfigurationName = Release;
		};
		B5B319A2301368AC004BFACF /* Build configuration list for PBXNativeTarget "myAppUITests" */ = {
			isa = XCConfigurationList;
			buildConfigurations = (
				B5B319A3301368AC004BFACF /* Debug configuration for PBXNativeTarget "myAppUITests" */,
				B5B319A4301368AC004BFACF /* Release configuration for PBXNativeTarget "myAppUITests" */,
			);
			defaultConfigurationName = Release;
		};
/* End XCConfigurationList section */
	};
	rootObject = B5B3196B301368AB004BFACF /* Project object */;
	validationLevel = 1;
}
